<?xml version="1.0" encoding="UTF-8" standalone="yes" ?>
<CodeBlocks_project_file>
   <FileVersion major="1" minor="6" />
   <Project>
      <Option title="Graal" />
      <Option makefile_is_custom="1" />
      <Option compiler="gcc" />
      <Option virtualFolders="CMake Files\;CMake Files\AssetGenerics\;CMake Files\AssetInterfaces\;CMake Files\Assets\;CMake Files\FuzzyLogicBehaviour\;CMake Files\Graal\;CMake Files\Graal\GraalWavefrontTest\;CMake Files\Graal\GraalAssetServer\;CMake Files\Graal\GraalAssetClient\;CMake Files\..\;CMake Files\..\..\;CMake Files\..\..\..\;CMake Files\..\..\..\..\;CMake Files\..\..\..\..\..\;CMake Files\..\..\..\..\..\..\;CMake Files\..\..\..\..\..\..\opt\;CMake Files\..\..\..\..\..\..\opt\Qt\;CMake Files\..\..\..\..\..\..\opt\Qt\5.4\;CMake Files\..\..\..\..\..\..\opt\Qt\5.4\gcc_64\;CMake Files\..\..\..\..\..\..\opt\Qt\5.4\gcc_64\lib\;CMake Files\..\..\..\..\..\..\opt\Qt\5.4\gcc_64\lib\cmake\;CMake Files\..\..\..\..\..\..\opt\Qt\5.4\gcc_64\lib\cmake\Qt5Core\;CMake Files\..\..\..\..\..\..\opt\Qt\5.4\gcc_64\lib\cmake\Qt5Gui\;CMake Files\Utility\;CMake Files\Networking\;CMake Files\TcpNetworking\;CMake Files\Wavefront\;CMake Files\QImageLoader\;CMake Files\Samples\;CMake Files\Samples\WavefrontTest\;CMake Files\Samples\SimpleAssetServer\;CMake Files\Samples\SimpleAssetClient\;" />
      <Build>
      <Target title="all">
         <Option working_dir="/home/mica/Bureau/FAC/Mif39/C++-build/Graal" />
         <Option type="4" />
         <MakeCommands>
            <Build command="/usr/bin/make -f &quot;/home/mica/Bureau/FAC/Mif39/C++-build/Graal/Makefile&quot;  VERBOSE=1 all" />
            <CompileFile command="/usr/bin/make -f &quot;/home/mica/Bureau/FAC/Mif39/C++-build/Graal/Makefile&quot;  VERBOSE=1 &quot;$file&quot;" />
            <Clean command="/usr/bin/make -f &quot;/home/mica/Bureau/FAC/Mif39/C++-build/Graal/Makefile&quot;  VERBOSE=1 clean" />
            <DistClean command="/usr/bin/make -f &quot;/home/mica/Bureau/FAC/Mif39/C++-build/Graal/Makefile&quot;  VERBOSE=1 clean" />
         </MakeCommands>
      </Target>
      <Target title="GraalWavefrontTest">
         <Option output="/home/mica/Bureau/FAC/Mif39/C++-build/bin/GraalWavefrontTest" prefix_auto="0" extension_auto="0" />
         <Option working_dir="/home/mica/Bureau/FAC/Mif39/C++-build/bin" />
         <Option object_output="./" />
         <Option type="1" />
         <Option compiler="gcc" />
         <Compiler>
            <Add option="-DQT_CORE_LIB" />
            <Add option="-DQT_NO_DEBUG" />
            <Add option="-DQT_GUI_LIB" />
            <Add directory="/home/mica/Bureau/FAC/Mif39/C++-build/Graal/GraalWavefrontTest" />
            <Add directory="/home/mica/Bureau/FAC/Mif39/C++/." />
            <Add directory="/home/mica/Bureau/FAC/Mif39/C++/Graal/GraalWavefrontTest" />
            <Add directory="/opt/Qt/5.4/gcc_64/include" />
            <Add directory="/opt/Qt/5.4/gcc_64/include/QtCore" />
            <Add directory="/opt/Qt/5.4/gcc_64/include/QtGui" />
            <Add directory="/opt/Qt/5.4/gcc_64/mkspecs/linux-g++" />
            <Add directory="/usr/include" />
            <Add directory="/usr/include/c++/4.8" />
            <Add directory="/usr/include/c++/4.8/backward" />
            <Add directory="/usr/include/x86_64-linux-gnu" />
            <Add directory="/usr/include/x86_64-linux-gnu/c++/4.8" />
            <Add directory="/usr/lib/gcc/x86_64-linux-gnu/4.8/include" />
            <Add directory="/usr/lib/gcc/x86_64-linux-gnu/4.8/include-fixed" />
            <Add directory="/usr/local/include" />
         </Compiler>
         <MakeCommands>
            <Build command="/usr/bin/make -f &quot;/home/mica/Bureau/FAC/Mif39/C++-build/Graal/GraalWavefrontTest/Makefile&quot;  VERBOSE=1 GraalWavefrontTest" />
            <CompileFile command="/usr/bin/make -f &quot;/home/mica/Bureau/FAC/Mif39/C++-build/Graal/GraalWavefrontTest/Makefile&quot;  VERBOSE=1 &quot;$file&quot;" />
            <Clean command="/usr/bin/make -f &quot;/home/mica/Bureau/FAC/Mif39/C++-build/Graal/GraalWavefrontTest/Makefile&quot;  VERBOSE=1 clean" />
            <DistClean command="/usr/bin/make -f &quot;/home/mica/Bureau/FAC/Mif39/C++-build/Graal/GraalWavefrontTest/Makefile&quot;  VERBOSE=1 clean" />
         </MakeCommands>
      </Target>
      <Target title="GraalWavefrontTest/fast">
         <Option output="/home/mica/Bureau/FAC/Mif39/C++-build/bin/GraalWavefrontTest" prefix_auto="0" extension_auto="0" />
         <Option working_dir="/home/mica/Bureau/FAC/Mif39/C++-build/bin" />
         <Option object_output="./" />
         <Option type="1" />
         <Option compiler="gcc" />
         <Compiler>
            <Add option="-DQT_CORE_LIB" />
            <Add option="-DQT_NO_DEBUG" />
            <Add option="-DQT_GUI_LIB" />
            <Add directory="/home/mica/Bureau/FAC/Mif39/C++-build/Graal/GraalWavefrontTest" />
            <Add directory="/home/mica/Bureau/FAC/Mif39/C++/." />
            <Add directory="/home/mica/Bureau/FAC/Mif39/C++/Graal/GraalWavefrontTest" />
            <Add directory="/opt/Qt/5.4/gcc_64/include" />
            <Add directory="/opt/Qt/5.4/gcc_64/include/QtCore" />
            <Add directory="/opt/Qt/5.4/gcc_64/include/QtGui" />
            <Add directory="/opt/Qt/5.4/gcc_64/mkspecs/linux-g++" />
            <Add directory="/usr/include" />
            <Add directory="/usr/include/c++/4.8" />
            <Add directory="/usr/include/c++/4.8/backward" />
            <Add directory="/usr/include/x86_64-linux-gnu" />
            <Add directory="/usr/include/x86_64-linux-gnu/c++/4.8" />
            <Add directory="/usr/lib/gcc/x86_64-linux-gnu/4.8/include" />
            <Add directory="/usr/lib/gcc/x86_64-linux-gnu/4.8/include-fixed" />
            <Add directory="/usr/local/include" />
         </Compiler>
         <MakeCommands>
            <Build command="/usr/bin/make -f &quot;/home/mica/Bureau/FAC/Mif39/C++-build/Graal/GraalWavefrontTest/Makefile&quot;  VERBOSE=1 GraalWavefrontTest/fast" />
            <CompileFile command="/usr/bin/make -f &quot;/home/mica/Bureau/FAC/Mif39/C++-build/Graal/GraalWavefrontTest/Makefile&quot;  VERBOSE=1 &quot;$file&quot;" />
            <Clean command="/usr/bin/make -f &quot;/home/mica/Bureau/FAC/Mif39/C++-build/Graal/GraalWavefrontTest/Makefile&quot;  VERBOSE=1 clean" />
            <DistClean command="/usr/bin/make -f &quot;/home/mica/Bureau/FAC/Mif39/C++-build/Graal/GraalWavefrontTest/Makefile&quot;  VERBOSE=1 clean" />
         </MakeCommands>
      </Target>
      <Target title="GraalAssetServer">
         <Option output="/home/mica/Bureau/FAC/Mif39/C++-build/bin/GraalAssetServer" prefix_auto="0" extension_auto="0" />
         <Option working_dir="/home/mica/Bureau/FAC/Mif39/C++-build/bin" />
         <Option object_output="./" />
         <Option type="1" />
         <Option compiler="gcc" />
         <Compiler>
            <Add option="-DQT_CORE_LIB" />
            <Add option="-DQT_NO_DEBUG" />
            <Add option="-DQT_GUI_LIB" />
            <Add directory="/home/mica/Bureau/FAC/Mif39/C++-build/Graal/GraalAssetServer" />
            <Add directory="/home/mica/Bureau/FAC/Mif39/C++/." />
            <Add directory="/home/mica/Bureau/FAC/Mif39/C++/Graal/GraalAssetServer" />
            <Add directory="/opt/Qt/5.4/gcc_64/include" />
            <Add directory="/opt/Qt/5.4/gcc_64/include/QtCore" />
            <Add directory="/opt/Qt/5.4/gcc_64/include/QtGui" />
            <Add directory="/opt/Qt/5.4/gcc_64/mkspecs/linux-g++" />
            <Add directory="/usr/include" />
            <Add directory="/usr/include/c++/4.8" />
            <Add directory="/usr/include/c++/4.8/backward" />
            <Add directory="/usr/include/x86_64-linux-gnu" />
            <Add directory="/usr/include/x86_64-linux-gnu/c++/4.8" />
            <Add directory="/usr/lib/gcc/x86_64-linux-gnu/4.8/include" />
            <Add directory="/usr/lib/gcc/x86_64-linux-gnu/4.8/include-fixed" />
            <Add directory="/usr/local/include" />
         </Compiler>
         <MakeCommands>
            <Build command="/usr/bin/make -f &quot;/home/mica/Bureau/FAC/Mif39/C++-build/Graal/GraalAssetServer/Makefile&quot;  VERBOSE=1 GraalAssetServer" />
            <CompileFile command="/usr/bin/make -f &quot;/home/mica/Bureau/FAC/Mif39/C++-build/Graal/GraalAssetServer/Makefile&quot;  VERBOSE=1 &quot;$file&quot;" />
            <Clean command="/usr/bin/make -f &quot;/home/mica/Bureau/FAC/Mif39/C++-build/Graal/GraalAssetServer/Makefile&quot;  VERBOSE=1 clean" />
            <DistClean command="/usr/bin/make -f &quot;/home/mica/Bureau/FAC/Mif39/C++-build/Graal/GraalAssetServer/Makefile&quot;  VERBOSE=1 clean" />
         </MakeCommands>
      </Target>
      <Target title="GraalAssetServer/fast">
         <Option output="/home/mica/Bureau/FAC/Mif39/C++-build/bin/GraalAssetServer" prefix_auto="0" extension_auto="0" />
         <Option working_dir="/home/mica/Bureau/FAC/Mif39/C++-build/bin" />
         <Option object_output="./" />
         <Option type="1" />
         <Option compiler="gcc" />
         <Compiler>
            <Add option="-DQT_CORE_LIB" />
            <Add option="-DQT_NO_DEBUG" />
            <Add option="-DQT_GUI_LIB" />
            <Add directory="/home/mica/Bureau/FAC/Mif39/C++-build/Graal/GraalAssetServer" />
            <Add directory="/home/mica/Bureau/FAC/Mif39/C++/." />
            <Add directory="/home/mica/Bureau/FAC/Mif39/C++/Graal/GraalAssetServer" />
            <Add directory="/opt/Qt/5.4/gcc_64/include" />
            <Add directory="/opt/Qt/5.4/gcc_64/include/QtCore" />
            <Add directory="/opt/Qt/5.4/gcc_64/include/QtGui" />
            <Add directory="/opt/Qt/5.4/gcc_64/mkspecs/linux-g++" />
            <Add directory="/usr/include" />
            <Add directory="/usr/include/c++/4.8" />
            <Add directory="/usr/include/c++/4.8/backward" />
            <Add directory="/usr/include/x86_64-linux-gnu" />
            <Add directory="/usr/include/x86_64-linux-gnu/c++/4.8" />
            <Add directory="/usr/lib/gcc/x86_64-linux-gnu/4.8/include" />
            <Add directory="/usr/lib/gcc/x86_64-linux-gnu/4.8/include-fixed" />
            <Add directory="/usr/local/include" />
         </Compiler>
         <MakeCommands>
            <Build command="/usr/bin/make -f &quot;/home/mica/Bureau/FAC/Mif39/C++-build/Graal/GraalAssetServer/Makefile&quot;  VERBOSE=1 GraalAssetServer/fast" />
            <CompileFile command="/usr/bin/make -f &quot;/home/mica/Bureau/FAC/Mif39/C++-build/Graal/GraalAssetServer/Makefile&quot;  VERBOSE=1 &quot;$file&quot;" />
            <Clean command="/usr/bin/make -f &quot;/home/mica/Bureau/FAC/Mif39/C++-build/Graal/GraalAssetServer/Makefile&quot;  VERBOSE=1 clean" />
            <DistClean command="/usr/bin/make -f &quot;/home/mica/Bureau/FAC/Mif39/C++-build/Graal/GraalAssetServer/Makefile&quot;  VERBOSE=1 clean" />
         </MakeCommands>
      </Target>
      <Target title="GraalAssetClient">
         <Option output="/home/mica/Bureau/FAC/Mif39/C++-build/bin/GraalAssetClient" prefix_auto="0" extension_auto="0" />
         <Option working_dir="/home/mica/Bureau/FAC/Mif39/C++-build/bin" />
         <Option object_output="./" />
         <Option type="1" />
         <Option compiler="gcc" />
         <Compiler>
            <Add option="-DQT_CORE_LIB" />
            <Add option="-DQT_NO_DEBUG" />
            <Add option="-DQT_GUI_LIB" />
            <Add directory="/home/mica/Bureau/FAC/Mif39/C++-build/Graal/GraalAssetClient" />
            <Add directory="/home/mica/Bureau/FAC/Mif39/C++/." />
            <Add directory="/home/mica/Bureau/FAC/Mif39/C++/Graal/GraalAssetClient" />
            <Add directory="/opt/Qt/5.4/gcc_64/include" />
            <Add directory="/opt/Qt/5.4/gcc_64/include/QtCore" />
            <Add directory="/opt/Qt/5.4/gcc_64/include/QtGui" />
            <Add directory="/opt/Qt/5.4/gcc_64/mkspecs/linux-g++" />
            <Add directory="/usr/include" />
            <Add directory="/usr/include/c++/4.8" />
            <Add directory="/usr/include/c++/4.8/backward" />
            <Add directory="/usr/include/x86_64-linux-gnu" />
            <Add directory="/usr/include/x86_64-linux-gnu/c++/4.8" />
            <Add directory="/usr/lib/gcc/x86_64-linux-gnu/4.8/include" />
            <Add directory="/usr/lib/gcc/x86_64-linux-gnu/4.8/include-fixed" />
            <Add directory="/usr/local/include" />
         </Compiler>
         <MakeCommands>
            <Build command="/usr/bin/make -f &quot;/home/mica/Bureau/FAC/Mif39/C++-build/Graal/GraalAssetClient/Makefile&quot;  VERBOSE=1 GraalAssetClient" />
            <CompileFile command="/usr/bin/make -f &quot;/home/mica/Bureau/FAC/Mif39/C++-build/Graal/GraalAssetClient/Makefile&quot;  VERBOSE=1 &quot;$file&quot;" />
            <Clean command="/usr/bin/make -f &quot;/home/mica/Bureau/FAC/Mif39/C++-build/Graal/GraalAssetClient/Makefile&quot;  VERBOSE=1 clean" />
            <DistClean command="/usr/bin/make -f &quot;/home/mica/Bureau/FAC/Mif39/C++-build/Graal/GraalAssetClient/Makefile&quot;  VERBOSE=1 clean" />
         </MakeCommands>
      </Target>
      <Target title="GraalAssetClient/fast">
         <Option output="/home/mica/Bureau/FAC/Mif39/C++-build/bin/GraalAssetClient" prefix_auto="0" extension_auto="0" />
         <Option working_dir="/home/mica/Bureau/FAC/Mif39/C++-build/bin" />
         <Option object_output="./" />
         <Option type="1" />
         <Option compiler="gcc" />
         <Compiler>
            <Add option="-DQT_CORE_LIB" />
            <Add option="-DQT_NO_DEBUG" />
            <Add option="-DQT_GUI_LIB" />
            <Add directory="/home/mica/Bureau/FAC/Mif39/C++-build/Graal/GraalAssetClient" />
            <Add directory="/home/mica/Bureau/FAC/Mif39/C++/." />
            <Add directory="/home/mica/Bureau/FAC/Mif39/C++/Graal/GraalAssetClient" />
            <Add directory="/opt/Qt/5.4/gcc_64/include" />
            <Add directory="/opt/Qt/5.4/gcc_64/include/QtCore" />
            <Add directory="/opt/Qt/5.4/gcc_64/include/QtGui" />
            <Add directory="/opt/Qt/5.4/gcc_64/mkspecs/linux-g++" />
            <Add directory="/usr/include" />
            <Add directory="/usr/include/c++/4.8" />
            <Add directory="/usr/include/c++/4.8/backward" />
            <Add directory="/usr/include/x86_64-linux-gnu" />
            <Add directory="/usr/include/x86_64-linux-gnu/c++/4.8" />
            <Add directory="/usr/lib/gcc/x86_64-linux-gnu/4.8/include" />
            <Add directory="/usr/lib/gcc/x86_64-linux-gnu/4.8/include-fixed" />
            <Add directory="/usr/local/include" />
         </Compiler>
         <MakeCommands>
            <Build command="/usr/bin/make -f &quot;/home/mica/Bureau/FAC/Mif39/C++-build/Graal/GraalAssetClient/Makefile&quot;  VERBOSE=1 GraalAssetClient/fast" />
            <CompileFile command="/usr/bin/make -f &quot;/home/mica/Bureau/FAC/Mif39/C++-build/Graal/GraalAssetClient/Makefile&quot;  VERBOSE=1 &quot;$file&quot;" />
            <Clean command="/usr/bin/make -f &quot;/home/mica/Bureau/FAC/Mif39/C++-build/Graal/GraalAssetClient/Makefile&quot;  VERBOSE=1 clean" />
            <DistClean command="/usr/bin/make -f &quot;/home/mica/Bureau/FAC/Mif39/C++-build/Graal/GraalAssetClient/Makefile&quot;  VERBOSE=1 clean" />
         </MakeCommands>
      </Target>
      </Build>
      <Unit filename="/home/mica/Bureau/FAC/Mif39/C++/Graal/GraalAssetClient/main.cpp">
      </Unit>
      <Unit filename="/home/mica/Bureau/FAC/Mif39/C++/Graal/GraalAssetServer/main.cpp">
      </Unit>
      <Unit filename="/home/mica/Bureau/FAC/Mif39/C++/Graal/GraalWavefrontTest/main.cpp">
      </Unit>
      <Unit filename="/home/mica/Bureau/FAC/Mif39/C++/Graal/GraalAssetServer/serverutil.hpp">
      </Unit>
      <Unit filename="/home/mica/Bureau/FAC/Mif39/C++/CMakeLists.txt">
          <Option virtualFolder="CMake Files\" />
      </Unit>
      <Unit filename="/home/mica/Bureau/FAC/Mif39/C++/AssetGenerics/CMakeLists.txt">
          <Option virtualFolder="CMake Files\AssetGenerics\" />
      </Unit>
      <Unit filename="/home/mica/Bureau/FAC/Mif39/C++/AssetGenerics/CMakeLists.txt">
          <Option virtualFolder="CMake Files\AssetGenerics\" />
      </Unit>
      <Unit filename="/home/mica/Bureau/FAC/Mif39/C++/AssetInterfaces/CMakeLists.txt">
          <Option virtualFolder="CMake Files\AssetInterfaces\" />
      </Unit>
      <Unit filename="/home/mica/Bureau/FAC/Mif39/C++/AssetInterfaces/CMakeLists.txt">
          <Option virtualFolder="CMake Files\AssetInterfaces\" />
      </Unit>
      <Unit filename="/home/mica/Bureau/FAC/Mif39/C++/Assets/CMakeLists.txt">
          <Option virtualFolder="CMake Files\Assets\" />
      </Unit>
      <Unit filename="/home/mica/Bureau/FAC/Mif39/C++/Assets/CMakeLists.txt">
          <Option virtualFolder="CMake Files\Assets\" />
      </Unit>
      <Unit filename="/home/mica/Bureau/FAC/Mif39/C++/FuzzyLogicBehaviour/CMakeLists.txt">
          <Option virtualFolder="CMake Files\FuzzyLogicBehaviour\" />
      </Unit>
      <Unit filename="/home/mica/Bureau/FAC/Mif39/C++/FuzzyLogicBehaviour/CMakeLists.txt">
          <Option virtualFolder="CMake Files\FuzzyLogicBehaviour\" />
      </Unit>
      <Unit filename="/home/mica/Bureau/FAC/Mif39/C++/Graal/CMakeLists.txt">
          <Option virtualFolder="CMake Files\Graal\" />
      </Unit>
      <Unit filename="/home/mica/Bureau/FAC/Mif39/C++/Graal/CMakeLists.txt">
          <Option virtualFolder="CMake Files\Graal\" />
      </Unit>
      <Unit filename="/home/mica/Bureau/FAC/Mif39/C++/Graal/GraalWavefrontTest/CMakeLists.txt">
          <Option virtualFolder="CMake Files\Graal\GraalWavefrontTest\" />
      </Unit>
      <Unit filename="/home/mica/Bureau/FAC/Mif39/C++/Graal/GraalWavefrontTest/CMakeLists.txt">
          <Option virtualFolder="CMake Files\Graal\GraalWavefrontTest\" />
      </Unit>
      <Unit filename="/home/mica/Bureau/FAC/Mif39/C++/Graal/GraalWavefrontTest/CMakeLists.txt">
          <Option virtualFolder="CMake Files\Graal\GraalWavefrontTest\" />
      </Unit>
      <Unit filename="/home/mica/Bureau/FAC/Mif39/C++/Graal/GraalAssetServer/CMakeLists.txt">
          <Option virtualFolder="CMake Files\Graal\GraalAssetServer\" />
      </Unit>
      <Unit filename="/home/mica/Bureau/FAC/Mif39/C++/Graal/GraalAssetServer/CMakeLists.txt">
          <Option virtualFolder="CMake Files\Graal\GraalAssetServer\" />
      </Unit>
      <Unit filename="/home/mica/Bureau/FAC/Mif39/C++/Graal/GraalAssetServer/CMakeLists.txt">
          <Option virtualFolder="CMake Files\Graal\GraalAssetServer\" />
      </Unit>
      <Unit filename="/home/mica/Bureau/FAC/Mif39/C++/Graal/GraalAssetClient/CMakeLists.txt">
          <Option virtualFolder="CMake Files\Graal\GraalAssetClient\" />
      </Unit>
      <Unit filename="/home/mica/Bureau/FAC/Mif39/C++/Graal/GraalAssetClient/CMakeLists.txt">
          <Option virtualFolder="CMake Files\Graal\GraalAssetClient\" />
      </Unit>
      <Unit filename="/home/mica/Bureau/FAC/Mif39/C++/Graal/GraalAssetClient/CMakeLists.txt">
          <Option virtualFolder="CMake Files\Graal\GraalAssetClient\" />
      </Unit>
      <Unit filename="/home/mica/Bureau/FAC/Mif39/C++/../../../../../../opt/Qt/5.4/gcc_64/lib/cmake/Qt5Core/Qt5CoreConfigVersion.cmake">
          <Option virtualFolder="CMake Files\..\..\..\..\..\..\opt\Qt\5.4\gcc_64\lib\cmake\Qt5Core\" />
      </Unit>
      <Unit filename="/home/mica/Bureau/FAC/Mif39/C++/../../../../../../opt/Qt/5.4/gcc_64/lib/cmake/Qt5Core/Qt5CoreConfig.cmake">
          <Option virtualFolder="CMake Files\..\..\..\..\..\..\opt\Qt\5.4\gcc_64\lib\cmake\Qt5Core\" />
      </Unit>
      <Unit filename="/home/mica/Bureau/FAC/Mif39/C++/../../../../../../opt/Qt/5.4/gcc_64/lib/cmake/Qt5Core/Qt5CoreConfigExtras.cmake">
          <Option virtualFolder="CMake Files\..\..\..\..\..\..\opt\Qt\5.4\gcc_64\lib\cmake\Qt5Core\" />
      </Unit>
      <Unit filename="/home/mica/Bureau/FAC/Mif39/C++/../../../../../../opt/Qt/5.4/gcc_64/lib/cmake/Qt5Core/Qt5CoreConfigExtrasMkspecDir.cmake">
          <Option virtualFolder="CMake Files\..\..\..\..\..\..\opt\Qt\5.4\gcc_64\lib\cmake\Qt5Core\" />
      </Unit>
      <Unit filename="/home/mica/Bureau/FAC/Mif39/C++/../../../../../../opt/Qt/5.4/gcc_64/lib/cmake/Qt5Core/Qt5CoreMacros.cmake">
          <Option virtualFolder="CMake Files\..\..\..\..\..\..\opt\Qt\5.4\gcc_64\lib\cmake\Qt5Core\" />
      </Unit>
      <Unit filename="/home/mica/Bureau/FAC/Mif39/C++/../../../../../../opt/Qt/5.4/gcc_64/lib/cmake/Qt5Gui/Qt5GuiConfigVersion.cmake">
          <Option virtualFolder="CMake Files\..\..\..\..\..\..\opt\Qt\5.4\gcc_64\lib\cmake\Qt5Gui\" />
      </Unit>
      <Unit filename="/home/mica/Bureau/FAC/Mif39/C++/../../../../../../opt/Qt/5.4/gcc_64/lib/cmake/Qt5Gui/Qt5GuiConfig.cmake">
          <Option virtualFolder="CMake Files\..\..\..\..\..\..\opt\Qt\5.4\gcc_64\lib\cmake\Qt5Gui\" />
      </Unit>
      <Unit filename="/home/mica/Bureau/FAC/Mif39/C++/../../../../../../opt/Qt/5.4/gcc_64/lib/cmake/Qt5Gui/Qt5Gui_QTgaPlugin.cmake">
          <Option virtualFolder="CMake Files\..\..\..\..\..\..\opt\Qt\5.4\gcc_64\lib\cmake\Qt5Gui\" />
      </Unit>
      <Unit filename="/home/mica/Bureau/FAC/Mif39/C++/../../../../../../opt/Qt/5.4/gcc_64/lib/cmake/Qt5Gui/Qt5Gui_QEvdevKeyboardPlugin.cmake">
          <Option virtualFolder="CMake Files\..\..\..\..\..\..\opt\Qt\5.4\gcc_64\lib\cmake\Qt5Gui\" />
      </Unit>
      <Unit filename="/home/mica/Bureau/FAC/Mif39/C++/../../../../../../opt/Qt/5.4/gcc_64/lib/cmake/Qt5Gui/Qt5Gui_QJp2Plugin.cmake">
          <Option virtualFolder="CMake Files\..\..\..\..\..\..\opt\Qt\5.4\gcc_64\lib\cmake\Qt5Gui\" />
      </Unit>
      <Unit filename="/home/mica/Bureau/FAC/Mif39/C++/../../../../../../opt/Qt/5.4/gcc_64/lib/cmake/Qt5Gui/Qt5Gui_QComposePlatformInputContextPlugin.cmake">
          <Option virtualFolder="CMake Files\..\..\..\..\..\..\opt\Qt\5.4\gcc_64\lib\cmake\Qt5Gui\" />
      </Unit>
      <Unit filename="/home/mica/Bureau/FAC/Mif39/C++/../../../../../../opt/Qt/5.4/gcc_64/lib/cmake/Qt5Gui/Qt5Gui_QGifPlugin.cmake">
          <Option virtualFolder="CMake Files\..\..\..\..\..\..\opt\Qt\5.4\gcc_64\lib\cmake\Qt5Gui\" />
      </Unit>
      <Unit filename="/home/mica/Bureau/FAC/Mif39/C++/../../../../../../opt/Qt/5.4/gcc_64/lib/cmake/Qt5Gui/Qt5Gui_QWebpPlugin.cmake">
          <Option virtualFolder="CMake Files\..\..\..\..\..\..\opt\Qt\5.4\gcc_64\lib\cmake\Qt5Gui\" />
      </Unit>
      <Unit filename="/home/mica/Bureau/FAC/Mif39/C++/../../../../../../opt/Qt/5.4/gcc_64/lib/cmake/Qt5Gui/Qt5Gui_QJpegPlugin.cmake">
          <Option virtualFolder="CMake Files\..\..\..\..\..\..\opt\Qt\5.4\gcc_64\lib\cmake\Qt5Gui\" />
      </Unit>
      <Unit filename="/home/mica/Bureau/FAC/Mif39/C++/../../../../../../opt/Qt/5.4/gcc_64/lib/cmake/Qt5Gui/Qt5Gui_QICNSPlugin.cmake">
          <Option virtualFolder="CMake Files\..\..\..\..\..\..\opt\Qt\5.4\gcc_64\lib\cmake\Qt5Gui\" />
      </Unit>
      <Unit filename="/home/mica/Bureau/FAC/Mif39/C++/../../../../../../opt/Qt/5.4/gcc_64/lib/cmake/Qt5Gui/Qt5Gui_QWbmpPlugin.cmake">
          <Option virtualFolder="CMake Files\..\..\..\..\..\..\opt\Qt\5.4\gcc_64\lib\cmake\Qt5Gui\" />
      </Unit>
      <Unit filename="/home/mica/Bureau/FAC/Mif39/C++/../../../../../../opt/Qt/5.4/gcc_64/lib/cmake/Qt5Gui/Qt5Gui_QEvdevTouchScreenPlugin.cmake">
          <Option virtualFolder="CMake Files\..\..\..\..\..\..\opt\Qt\5.4\gcc_64\lib\cmake\Qt5Gui\" />
      </Unit>
      <Unit filename="/home/mica/Bureau/FAC/Mif39/C++/../../../../../../opt/Qt/5.4/gcc_64/lib/cmake/Qt5Gui/Qt5Gui_QMngPlugin.cmake">
          <Option virtualFolder="CMake Files\..\..\..\..\..\..\opt\Qt\5.4\gcc_64\lib\cmake\Qt5Gui\" />
      </Unit>
      <Unit filename="/home/mica/Bureau/FAC/Mif39/C++/../../../../../../opt/Qt/5.4/gcc_64/lib/cmake/Qt5Gui/Qt5Gui_QLinuxFbIntegrationPlugin.cmake">
          <Option virtualFolder="CMake Files\..\..\..\..\..\..\opt\Qt\5.4\gcc_64\lib\cmake\Qt5Gui\" />
      </Unit>
      <Unit filename="/home/mica/Bureau/FAC/Mif39/C++/../../../../../../opt/Qt/5.4/gcc_64/lib/cmake/Qt5Gui/Qt5Gui_QXcbIntegrationPlugin.cmake">
          <Option virtualFolder="CMake Files\..\..\..\..\..\..\opt\Qt\5.4\gcc_64\lib\cmake\Qt5Gui\" />
      </Unit>
      <Unit filename="/home/mica/Bureau/FAC/Mif39/C++/../../../../../../opt/Qt/5.4/gcc_64/lib/cmake/Qt5Gui/Qt5Gui_QMinimalIntegrationPlugin.cmake">
          <Option virtualFolder="CMake Files\..\..\..\..\..\..\opt\Qt\5.4\gcc_64\lib\cmake\Qt5Gui\" />
      </Unit>
      <Unit filename="/home/mica/Bureau/FAC/Mif39/C++/../../../../../../opt/Qt/5.4/gcc_64/lib/cmake/Qt5Gui/Qt5Gui_QMinimalEglIntegrationPlugin.cmake">
          <Option virtualFolder="CMake Files\..\..\..\..\..\..\opt\Qt\5.4\gcc_64\lib\cmake\Qt5Gui\" />
      </Unit>
      <Unit filename="/home/mica/Bureau/FAC/Mif39/C++/../../../../../../opt/Qt/5.4/gcc_64/lib/cmake/Qt5Gui/Qt5Gui_QEglFSIntegrationPlugin.cmake">
          <Option virtualFolder="CMake Files\..\..\..\..\..\..\opt\Qt\5.4\gcc_64\lib\cmake\Qt5Gui\" />
      </Unit>
      <Unit filename="/home/mica/Bureau/FAC/Mif39/C++/../../../../../../opt/Qt/5.4/gcc_64/lib/cmake/Qt5Gui/Qt5Gui_QOffscreenIntegrationPlugin.cmake">
          <Option virtualFolder="CMake Files\..\..\..\..\..\..\opt\Qt\5.4\gcc_64\lib\cmake\Qt5Gui\" />
      </Unit>
      <Unit filename="/home/mica/Bureau/FAC/Mif39/C++/../../../../../../opt/Qt/5.4/gcc_64/lib/cmake/Qt5Gui/Qt5Gui_QIbusPlatformInputContextPlugin.cmake">
          <Option virtualFolder="CMake Files\..\..\..\..\..\..\opt\Qt\5.4\gcc_64\lib\cmake\Qt5Gui\" />
      </Unit>
      <Unit filename="/home/mica/Bureau/FAC/Mif39/C++/../../../../../../opt/Qt/5.4/gcc_64/lib/cmake/Qt5Gui/Qt5Gui_QDDSPlugin.cmake">
          <Option virtualFolder="CMake Files\..\..\..\..\..\..\opt\Qt\5.4\gcc_64\lib\cmake\Qt5Gui\" />
      </Unit>
      <Unit filename="/home/mica/Bureau/FAC/Mif39/C++/../../../../../../opt/Qt/5.4/gcc_64/lib/cmake/Qt5Gui/Qt5Gui_QICOPlugin.cmake">
          <Option virtualFolder="CMake Files\..\..\..\..\..\..\opt\Qt\5.4\gcc_64\lib\cmake\Qt5Gui\" />
      </Unit>
      <Unit filename="/home/mica/Bureau/FAC/Mif39/C++/../../../../../../opt/Qt/5.4/gcc_64/lib/cmake/Qt5Gui/Qt5Gui_QTiffPlugin.cmake">
          <Option virtualFolder="CMake Files\..\..\..\..\..\..\opt\Qt\5.4\gcc_64\lib\cmake\Qt5Gui\" />
      </Unit>
      <Unit filename="/home/mica/Bureau/FAC/Mif39/C++/../../../../../../opt/Qt/5.4/gcc_64/lib/cmake/Qt5Gui/Qt5Gui_QEvdevTabletPlugin.cmake">
          <Option virtualFolder="CMake Files\..\..\..\..\..\..\opt\Qt\5.4\gcc_64\lib\cmake\Qt5Gui\" />
      </Unit>
      <Unit filename="/home/mica/Bureau/FAC/Mif39/C++/../../../../../../opt/Qt/5.4/gcc_64/lib/cmake/Qt5Gui/Qt5Gui_QEvdevMousePlugin.cmake">
          <Option virtualFolder="CMake Files\..\..\..\..\..\..\opt\Qt\5.4\gcc_64\lib\cmake\Qt5Gui\" />
      </Unit>
      <Unit filename="/home/mica/Bureau/FAC/Mif39/C++/../../../../../../opt/Qt/5.4/gcc_64/lib/cmake/Qt5Gui/Qt5Gui_QGtk2ThemePlugin.cmake">
          <Option virtualFolder="CMake Files\..\..\..\..\..\..\opt\Qt\5.4\gcc_64\lib\cmake\Qt5Gui\" />
      </Unit>
      <Unit filename="/home/mica/Bureau/FAC/Mif39/C++/../../../../../../opt/Qt/5.4/gcc_64/lib/cmake/Qt5Gui/Qt5GuiConfigExtras.cmake">
          <Option virtualFolder="CMake Files\..\..\..\..\..\..\opt\Qt\5.4\gcc_64\lib\cmake\Qt5Gui\" />
      </Unit>
      <Unit filename="/home/mica/Bureau/FAC/Mif39/C++/Utility/CMakeLists.txt">
          <Option virtualFolder="CMake Files\Utility\" />
      </Unit>
      <Unit filename="/home/mica/Bureau/FAC/Mif39/C++/Utility/CMakeLists.txt">
          <Option virtualFolder="CMake Files\Utility\" />
      </Unit>
      <Unit filename="/home/mica/Bureau/FAC/Mif39/C++/Networking/CMakeLists.txt">
          <Option virtualFolder="CMake Files\Networking\" />
      </Unit>
      <Unit filename="/home/mica/Bureau/FAC/Mif39/C++/Networking/CMakeLists.txt">
          <Option virtualFolder="CMake Files\Networking\" />
      </Unit>
      <Unit filename="/home/mica/Bureau/FAC/Mif39/C++/TcpNetworking/CMakeLists.txt">
          <Option virtualFolder="CMake Files\TcpNetworking\" />
      </Unit>
      <Unit filename="/home/mica/Bureau/FAC/Mif39/C++/TcpNetworking/CMakeLists.txt">
          <Option virtualFolder="CMake Files\TcpNetworking\" />
      </Unit>
      <Unit filename="/home/mica/Bureau/FAC/Mif39/C++/Wavefront/CMakeLists.txt">
          <Option virtualFolder="CMake Files\Wavefront\" />
      </Unit>
      <Unit filename="/home/mica/Bureau/FAC/Mif39/C++/Wavefront/CMakeLists.txt">
          <Option virtualFolder="CMake Files\Wavefront\" />
      </Unit>
      <Unit filename="/home/mica/Bureau/FAC/Mif39/C++/QImageLoader/CMakeLists.txt">
          <Option virtualFolder="CMake Files\QImageLoader\" />
      </Unit>
      <Unit filename="/home/mica/Bureau/FAC/Mif39/C++/QImageLoader/CMakeLists.txt">
          <Option virtualFolder="CMake Files\QImageLoader\" />
      </Unit>
      <Unit filename="/home/mica/Bureau/FAC/Mif39/C++/Samples/CMakeLists.txt">
          <Option virtualFolder="CMake Files\Samples\" />
      </Unit>
      <Unit filename="/home/mica/Bureau/FAC/Mif39/C++/Samples/CMakeLists.txt">
          <Option virtualFolder="CMake Files\Samples\" />
      </Unit>
      <Unit filename="/home/mica/Bureau/FAC/Mif39/C++/Samples/WavefrontTest/CMakeLists.txt">
          <Option virtualFolder="CMake Files\Samples\WavefrontTest\" />
      </Unit>
      <Unit filename="/home/mica/Bureau/FAC/Mif39/C++/Samples/WavefrontTest/CMakeLists.txt">
          <Option virtualFolder="CMake Files\Samples\WavefrontTest\" />
      </Unit>
      <Unit filename="/home/mica/Bureau/FAC/Mif39/C++/Samples/WavefrontTest/CMakeLists.txt">
          <Option virtualFolder="CMake Files\Samples\WavefrontTest\" />
      </Unit>
      <Unit filename="/home/mica/Bureau/FAC/Mif39/C++/Samples/SimpleAssetServer/CMakeLists.txt">
          <Option virtualFolder="CMake Files\Samples\SimpleAssetServer\" />
      </Unit>
      <Unit filename="/home/mica/Bureau/FAC/Mif39/C++/Samples/SimpleAssetServer/CMakeLists.txt">
          <Option virtualFolder="CMake Files\Samples\SimpleAssetServer\" />
      </Unit>
      <Unit filename="/home/mica/Bureau/FAC/Mif39/C++/Samples/SimpleAssetServer/CMakeLists.txt">
          <Option virtualFolder="CMake Files\Samples\SimpleAssetServer\" />
      </Unit>
      <Unit filename="/home/mica/Bureau/FAC/Mif39/C++/Samples/SimpleAssetClient/CMakeLists.txt">
          <Option virtualFolder="CMake Files\Samples\SimpleAssetClient\" />
      </Unit>
      <Unit filename="/home/mica/Bureau/FAC/Mif39/C++/Samples/SimpleAssetClient/CMakeLists.txt">
          <Option virtualFolder="CMake Files\Samples\SimpleAssetClient\" />
      </Unit>
      <Unit filename="/home/mica/Bureau/FAC/Mif39/C++/Samples/SimpleAssetClient/CMakeLists.txt">
          <Option virtualFolder="CMake Files\Samples\SimpleAssetClient\" />
      </Unit>
   </Project>
</CodeBlocks_project_file>
